
Microsoft Visual Studio Solution File, Format Version 12.00
# Visual Studio 15
VisualStudioVersion = 15.0.26730.15
MinimumVisualStudioVersion = 10.0.40219.1
Project("{FAE04EC0-301F-11D3-BF4B-00C04F79EFBC}") = "Udemy_VidlyApp", "Udemy_VidlyApp\Udemy_VidlyApp.csproj", "{CEAE02CE-D89A-41ED-AD7F-D667128C6579}"
EndProject
Global
	GlobalSection(SolutionConfigurationPlatforms) = preSolution
		Debug|Any CPU = Debug|Any CPU
		Release|Any CPU = Release|Any CPU
	EndGlobalSection
	GlobalSection(ProjectConfigurationPlatforms) = postSolution
		{CEAE02CE-D89A-41ED-AD7F-D667128C6579}.Debug|Any CPU.ActiveCfg = Debug|Any CPU
		{CEAE02CE-D89A-41ED-AD7F-D667128C6579}.Debug|Any CPU.Build.0 = Debug|Any CPU
		{CEAE02CE-D89A-41ED-AD7F-D667128C6579}.Release|Any CPU.ActiveCfg = Release|Any CPU
		{CEAE02CE-D89A-41ED-AD7F-D667128C6579}.Release|Any CPU.Build.0 = Release|Any CPU
	EndGlobalSection
	GlobalSection(SolutionProperties) = preSolution
		HideSolutionNode = FALSE
	EndGlobalSection
	GlobalSection(ExtensibilityGlobals) = postSolution
		SolutionGuid = {D58C59C5-8229-42C0-AEC9-E99420B2AF81}
	EndGlobalSection
EndGlobal
